
Microsoft Visual Studio Solution File, Format Version 12.00
# Visual Studio Version 17
VisualStudioVersion = 17.12.35527.113 d17.12
MinimumVisualStudioVersion = 10.0.40219.1
Project("{FAE04EC0-301F-11D3-BF4B-00C04F79EFBC}") = "SqLiteSample.Core", "src\SqLiteSample.Core\SqLiteSample.Core.csproj", "{8A68202F-C7AB-495C-BFE4-F5B6750AF663}"
EndProject
Project("{FAE04EC0-301F-11D3-BF4B-00C04F79EFBC}") = "SqLiteSample.Platform.WPF", "src\SqLiteSample.WPF\SqLiteSample.Platform.WPF.csproj", "{BCB99D8A-8402-4E9B-A23C-BD697CE8D957}"
EndProject
Global
	GlobalSection(SolutionConfigurationPlatforms) = preSolution
		Debug|Any CPU = Debug|Any CPU
		Release|Any CPU = Release|Any CPU
	EndGlobalSection
	GlobalSection(ProjectConfigurationPlatforms) = postSolution
		{8A68202F-C7AB-495C-BFE4-F5B6750AF663}.Debug|Any CPU.ActiveCfg = Debug|Any CPU
		{8A68202F-C7AB-495C-BFE4-F5B6750AF663}.Debug|Any CPU.Build.0 = Debug|Any CPU
		{8A68202F-C7AB-495C-BFE4-F5B6750AF663}.Release|Any CPU.ActiveCfg = Release|Any CPU
		{8A68202F-C7AB-495C-BFE4-F5B6750AF663}.Release|Any CPU.Build.0 = Release|Any CPU
		{BCB99D8A-8402-4E9B-A23C-BD697CE8D957}.Debug|Any CPU.ActiveCfg = Debug|Any CPU
		{BCB99D8A-8402-4E9B-A23C-BD697CE8D957}.Debug|Any CPU.Build.0 = Debug|Any CPU
		{BCB99D8A-8402-4E9B-A23C-BD697CE8D957}.Release|Any CPU.ActiveCfg = Release|Any CPU
		{BCB99D8A-8402-4E9B-A23C-BD697CE8D957}.Release|Any CPU.Build.0 = Release|Any CPU
	EndGlobalSection
	GlobalSection(SolutionProperties) = preSolution
		HideSolutionNode = FALSE
	EndGlobalSection
EndGlobal
